{
	"name": "ecs",
	"version": "0.0.1",
	"lockfileVersion": 1,
	"requires": true,
	"dependencies": {
		"lix": {
			"version": "15.11.6",
			"resolved": "https://registry.npmjs.org/lix/-/lix-15.11.6.tgz",
			"integrity": "sha512-JyD3/sCeYz07HqUgyeTj6n6SfuVmUFBA0+0Q6PhoqN9bD3blUrfJ1XcX9VOhaUlH4qIbHe+NygK+fNvi+o4pEA==",
			"dev": true
		}
	}
}
